
Microsoft Visual Studio Solution File, Format Version 12.00
# Visual Studio Version 16
VisualStudioVersion = 16.0.30114.105
MinimumVisualStudioVersion = 10.0.40219.1
Project("{2150E333-8FDC-42A3-9474-1A3956D46DE8}") = "Solution Items", "Solution Items", "{3AFCD947-41DC-43DD-85C8-27AD08748E13}"
	ProjectSection(SolutionItems) = preProject
		.gitignore = .gitignore
		LICENSE.md = LICENSE.md
		README.md = README.md
	EndProjectSection
EndProject
Project("{2150E333-8FDC-42A3-9474-1A3956D46DE8}") = "UI", "UI", "{3C7D111D-E877-44DE-9C2B-88A05A26452B}"
EndProject
Project("{FAE04EC0-301F-11D3-BF4B-00C04F79EFBC}") = "TypicalSouthernFoods.BootstrapWebForms", "src\TypicalSouthernFoods.BootstrapWebForms\TypicalSouthernFoods.BootstrapWebForms.csproj", "{06B84625-1918-4D22-AC4C-E65CC6EFA072}"
EndProject
Project("{2150E333-8FDC-42A3-9474-1A3956D46DE8}") = "Databases", "Databases", "{A162B60B-A0A6-4EB6-AD59-B471B2B406A7}"
EndProject
Project("{2150E333-8FDC-42A3-9474-1A3956D46DE8}") = "Oracle", "Oracle", "{D82C53EC-04CE-443E-B75A-E1964FE1DF9E}"
	ProjectSection(SolutionItems) = preProject
		src\Database\Oracle18c-v18.4\TSFOODS.sql = src\Database\Oracle18c-v18.4\TSFOODS.sql
	EndProjectSection
EndProject
Project("{2150E333-8FDC-42A3-9474-1A3956D46DE8}") = "Webforms", "Webforms", "{3BD6780D-A73B-482A-A4A0-56E01F20D434}"
EndProject
Project("{2150E333-8FDC-42A3-9474-1A3956D46DE8}") = "MVC", "MVC", "{0BDE4D07-AB98-4C6A-A73A-B9480F7CC4B6}"
EndProject
Project("{FAE04EC0-301F-11D3-BF4B-00C04F79EFBC}") = "TypicalSouthernFoods.BootstrapMVCWeb", "src\TypicalSouthernFoods.BootstrapMVCWeb\TypicalSouthernFoods.BootstrapMVCWeb.csproj", "{883ABC41-5397-463F-8483-374B7C67FF5B}"
EndProject
Project("{FAE04EC0-301F-11D3-BF4B-00C04F79EFBC}") = "TypicalSouthernFoods.BootstrapMVCWebTest", "src\TypicalSouthernFoods.BootstrapMVCWebTest\TypicalSouthernFoods.BootstrapMVCWebTest.csproj", "{B572FD74-44A1-4A30-A0EF-4B45A5D0554F}"
EndProject
Project("{FAE04EC0-301F-11D3-BF4B-00C04F79EFBC}") = "TypicalSouthernFoods.HTML5MVCWeb", "src\TypicalSouthernFoods.HTML5MVCWeb\TypicalSouthernFoods.HTML5MVCWeb.csproj", "{8B79752A-BA8F-45B7-B117-ABDA09121416}"
EndProject
Project("{FAE04EC0-301F-11D3-BF4B-00C04F79EFBC}") = "TypicalSouthernFoods.BootstrapWebForms.SQLServer", "src\TypicalSouthernFoods.BootstrapWebForms.SQLServer\TypicalSouthernFoods.BootstrapWebForms.SQLServer.csproj", "{7B28CBBC-9F17-43AE-BB0E-CDF1E590CD1C}"
EndProject
Project("{9A19103F-16F7-4668-BE54-9A1E7A4F7556}") = "TypicalSouthernFoods.HTML5RazorPagesWeb", "src\TypicalSouthernFoods.HTML5RazorPagesWeb\TypicalSouthernFoods.HTML5RazorPagesWeb.csproj", "{5979FF8B-120F-48D8-A0E9-F2C7BD4A3F28}"
EndProject
Project("{2150E333-8FDC-42A3-9474-1A3956D46DE8}") = "SQLServer", "SQLServer", "{61301495-5F00-4738-87E3-70D3A9D107B2}"
	ProjectSection(SolutionItems) = preProject
		src\Database\SQLServer-v14-(2017)\SQLQuery-DB-TSFOODS.sql = src\Database\SQLServer-v14-(2017)\SQLQuery-DB-TSFOODS.sql
	EndProjectSection
EndProject
Global
	GlobalSection(SolutionConfigurationPlatforms) = preSolution
		Debug|Any CPU = Debug|Any CPU
		Release|Any CPU = Release|Any CPU
	EndGlobalSection
	GlobalSection(ProjectConfigurationPlatforms) = postSolution
		{06B84625-1918-4D22-AC4C-E65CC6EFA072}.Debug|Any CPU.ActiveCfg = Debug|Any CPU
		{06B84625-1918-4D22-AC4C-E65CC6EFA072}.Debug|Any CPU.Build.0 = Debug|Any CPU
		{06B84625-1918-4D22-AC4C-E65CC6EFA072}.Release|Any CPU.ActiveCfg = Release|Any CPU
		{06B84625-1918-4D22-AC4C-E65CC6EFA072}.Release|Any CPU.Build.0 = Release|Any CPU
		{883ABC41-5397-463F-8483-374B7C67FF5B}.Debug|Any CPU.ActiveCfg = Debug|Any CPU
		{883ABC41-5397-463F-8483-374B7C67FF5B}.Debug|Any CPU.Build.0 = Debug|Any CPU
		{883ABC41-5397-463F-8483-374B7C67FF5B}.Release|Any CPU.ActiveCfg = Release|Any CPU
		{883ABC41-5397-463F-8483-374B7C67FF5B}.Release|Any CPU.Build.0 = Release|Any CPU
		{B572FD74-44A1-4A30-A0EF-4B45A5D0554F}.Debug|Any CPU.ActiveCfg = Debug|Any CPU
		{B572FD74-44A1-4A30-A0EF-4B45A5D0554F}.Debug|Any CPU.Build.0 = Debug|Any CPU
		{B572FD74-44A1-4A30-A0EF-4B45A5D0554F}.Release|Any CPU.ActiveCfg = Release|Any CPU
		{B572FD74-44A1-4A30-A0EF-4B45A5D0554F}.Release|Any CPU.Build.0 = Release|Any CPU
		{8B79752A-BA8F-45B7-B117-ABDA09121416}.Debug|Any CPU.ActiveCfg = Debug|Any CPU
		{8B79752A-BA8F-45B7-B117-ABDA09121416}.Debug|Any CPU.Build.0 = Debug|Any CPU
		{8B79752A-BA8F-45B7-B117-ABDA09121416}.Release|Any CPU.ActiveCfg = Release|Any CPU
		{8B79752A-BA8F-45B7-B117-ABDA09121416}.Release|Any CPU.Build.0 = Release|Any CPU
		{7B28CBBC-9F17-43AE-BB0E-CDF1E590CD1C}.Debug|Any CPU.ActiveCfg = Debug|Any CPU
		{7B28CBBC-9F17-43AE-BB0E-CDF1E590CD1C}.Debug|Any CPU.Build.0 = Debug|Any CPU
		{7B28CBBC-9F17-43AE-BB0E-CDF1E590CD1C}.Release|Any CPU.ActiveCfg = Release|Any CPU
		{7B28CBBC-9F17-43AE-BB0E-CDF1E590CD1C}.Release|Any CPU.Build.0 = Release|Any CPU
		{5979FF8B-120F-48D8-A0E9-F2C7BD4A3F28}.Debug|Any CPU.ActiveCfg = Debug|Any CPU
		{5979FF8B-120F-48D8-A0E9-F2C7BD4A3F28}.Debug|Any CPU.Build.0 = Debug|Any CPU
		{5979FF8B-120F-48D8-A0E9-F2C7BD4A3F28}.Release|Any CPU.ActiveCfg = Release|Any CPU
		{5979FF8B-120F-48D8-A0E9-F2C7BD4A3F28}.Release|Any CPU.Build.0 = Release|Any CPU
	EndGlobalSection
	GlobalSection(SolutionProperties) = preSolution
		HideSolutionNode = FALSE
	EndGlobalSection
	GlobalSection(NestedProjects) = preSolution
		{06B84625-1918-4D22-AC4C-E65CC6EFA072} = {3BD6780D-A73B-482A-A4A0-56E01F20D434}
		{D82C53EC-04CE-443E-B75A-E1964FE1DF9E} = {A162B60B-A0A6-4EB6-AD59-B471B2B406A7}
		{3BD6780D-A73B-482A-A4A0-56E01F20D434} = {3C7D111D-E877-44DE-9C2B-88A05A26452B}
		{0BDE4D07-AB98-4C6A-A73A-B9480F7CC4B6} = {3C7D111D-E877-44DE-9C2B-88A05A26452B}
		{883ABC41-5397-463F-8483-374B7C67FF5B} = {0BDE4D07-AB98-4C6A-A73A-B9480F7CC4B6}
		{B572FD74-44A1-4A30-A0EF-4B45A5D0554F} = {0BDE4D07-AB98-4C6A-A73A-B9480F7CC4B6}
		{8B79752A-BA8F-45B7-B117-ABDA09121416} = {0BDE4D07-AB98-4C6A-A73A-B9480F7CC4B6}
		{7B28CBBC-9F17-43AE-BB0E-CDF1E590CD1C} = {3BD6780D-A73B-482A-A4A0-56E01F20D434}
		{5979FF8B-120F-48D8-A0E9-F2C7BD4A3F28} = {0BDE4D07-AB98-4C6A-A73A-B9480F7CC4B6}
		{61301495-5F00-4738-87E3-70D3A9D107B2} = {A162B60B-A0A6-4EB6-AD59-B471B2B406A7}
	EndGlobalSection
	GlobalSection(ExtensibilityGlobals) = postSolution
		SolutionGuid = {1B3018AA-C2DE-4E3D-9EA3-73DBEC01B2DF}
	EndGlobalSection
EndGlobal
