
Microsoft Visual Studio Solution File, Format Version 12.00
# Visual Studio Version 16
VisualStudioVersion = 16.0.30114.105
MinimumVisualStudioVersion = 10.0.40219.1
Project("{2150E333-8FDC-42A3-9474-1A3956D46DE8}") = "Solution Items", "Solution Items", "{3AFCD947-41DC-43DD-85C8-27AD08748E13}"
	ProjectSection(SolutionItems) = preProject
		.gitignore = .gitignore
		LICENSE.md = LICENSE.md
		README.md = README.md
	EndProjectSection
EndProject
Project("{2150E333-8FDC-42A3-9474-1A3956D46DE8}") = "WebUI", "WebUI", "{3C7D111D-E877-44DE-9C2B-88A05A26452B}"
EndProject
Project("{FAE04EC0-301F-11D3-BF4B-00C04F79EFBC}") = "TypicalSouthernFoods.Web", "src\TypicalSouthernFoods.Web\TypicalSouthernFoods.Web.csproj", "{6E24ECA6-50AF-4E2F-B365-574471364AF5}"
EndProject
Project("{FAE04EC0-301F-11D3-BF4B-00C04F79EFBC}") = "TypicalSouthernFoods.WebTest", "src\TypicalSouthernFoods.WebTest\TypicalSouthernFoods.WebTest.csproj", "{7B62CEC2-82C1-449D-9231-339FA51EBD08}"
EndProject
Project("{FAE04EC0-301F-11D3-BF4B-00C04F79EFBC}") = "TypicalSouthernFoods.DXWebApp", "src\TypicalSouthernFoods.DXWebApp\TypicalSouthernFoods.DXWebApp.csproj", "{8B79752A-BA8F-45B7-B117-ABDA09121416}"
EndProject
Global
	GlobalSection(SolutionConfigurationPlatforms) = preSolution
		Debug|Any CPU = Debug|Any CPU
		Release|Any CPU = Release|Any CPU
	EndGlobalSection
	GlobalSection(ProjectConfigurationPlatforms) = postSolution
		{6E24ECA6-50AF-4E2F-B365-574471364AF5}.Debug|Any CPU.ActiveCfg = Debug|Any CPU
		{6E24ECA6-50AF-4E2F-B365-574471364AF5}.Debug|Any CPU.Build.0 = Debug|Any CPU
		{6E24ECA6-50AF-4E2F-B365-574471364AF5}.Release|Any CPU.ActiveCfg = Release|Any CPU
		{6E24ECA6-50AF-4E2F-B365-574471364AF5}.Release|Any CPU.Build.0 = Release|Any CPU
		{7B62CEC2-82C1-449D-9231-339FA51EBD08}.Debug|Any CPU.ActiveCfg = Debug|Any CPU
		{7B62CEC2-82C1-449D-9231-339FA51EBD08}.Debug|Any CPU.Build.0 = Debug|Any CPU
		{7B62CEC2-82C1-449D-9231-339FA51EBD08}.Release|Any CPU.ActiveCfg = Release|Any CPU
		{7B62CEC2-82C1-449D-9231-339FA51EBD08}.Release|Any CPU.Build.0 = Release|Any CPU
		{8B79752A-BA8F-45B7-B117-ABDA09121416}.Debug|Any CPU.ActiveCfg = Debug|Any CPU
		{8B79752A-BA8F-45B7-B117-ABDA09121416}.Debug|Any CPU.Build.0 = Debug|Any CPU
		{8B79752A-BA8F-45B7-B117-ABDA09121416}.Release|Any CPU.ActiveCfg = Release|Any CPU
		{8B79752A-BA8F-45B7-B117-ABDA09121416}.Release|Any CPU.Build.0 = Release|Any CPU
	EndGlobalSection
	GlobalSection(SolutionProperties) = preSolution
		HideSolutionNode = FALSE
	EndGlobalSection
	GlobalSection(NestedProjects) = preSolution
		{6E24ECA6-50AF-4E2F-B365-574471364AF5} = {3C7D111D-E877-44DE-9C2B-88A05A26452B}
		{7B62CEC2-82C1-449D-9231-339FA51EBD08} = {3C7D111D-E877-44DE-9C2B-88A05A26452B}
		{8B79752A-BA8F-45B7-B117-ABDA09121416} = {3C7D111D-E877-44DE-9C2B-88A05A26452B}
	EndGlobalSection
	GlobalSection(ExtensibilityGlobals) = postSolution
		SolutionGuid = {1B3018AA-C2DE-4E3D-9EA3-73DBEC01B2DF}
	EndGlobalSection
EndGlobal
